<Solution>
  <Folder Name="/.items/">
    <File Path=".github/workflows/ci-build.yml" />
    <File Path=".github/workflows/nuget-release.yml" />
    <File Path="Directory.Build.props" />
    <File Path="Directory.Packages.props" />
    <File Path="README.md" />
  </Folder>
  <Folder Name="/samples/" />
  <Folder Name="/samples/IssueTracker/">
    <Project Path="samples/IssueTracker/IssueTracker.Api/IssueTracker.Api.csproj" />
    <Project Path="samples/IssueTracker/IssueTracker.Application/IssueTracker.Application.csproj" />
    <Project Path="samples/IssueTracker/IssueTracker.Cli/IssueTracker.Cli.csproj" />
    <Project Path="samples/IssueTracker/IssueTracker.Persistence/IssueTracker.Persistence.csproj" />
    <Project Path="samples/IssueTracker/IssueTracker.Web/IssueTracker.Web.csproj" />
  </Folder>
  <Folder Name="/src/">
    <Project Path="src/D20Tek.Vertically/D20Tek.Vertically.csproj" Id="0e541134-1dc7-4085-bc2a-3ce91b77a75d" />
  </Folder>
  <Folder Name="/tests/">
    <Project Path="tests/D20Tek.Vertically.Tests/D20Tek.Vertically.Tests.csproj" />
  </Folder>
</Solution>

